
Microsoft Visual Studio Solution File, Format Version 12.00
# Visual Studio Version 16
VisualStudioVersion = 16.6.30114.105
MinimumVisualStudioVersion = 10.0.40219.1
Project("{FAE04EC0-301F-11D3-BF4B-00C04F79EFBC}") = "CustomHTTPRequestNS", "CustomHTTPRequestNS.csproj", "{4C8DF517-CD3A-4DC1-807C-F70CDFC6CC2D}"
EndProject
Project("{FAE04EC0-301F-11D3-BF4B-00C04F79EFBC}") = "Sample", "Sample\Sample.csproj", "{03A06F43-EED6-4650-9A3E-4354CD5DC63D}"
EndProject
Global
	GlobalSection(SolutionConfigurationPlatforms) = preSolution
		Debug|Any CPU = Debug|Any CPU
		Debug|x64 = Debug|x64
		Debug|x86 = Debug|x86
		Release|Any CPU = Release|Any CPU
		Release|x64 = Release|x64
		Release|x86 = Release|x86
	EndGlobalSection
	GlobalSection(SolutionProperties) = preSolution
		HideSolutionNode = FALSE
	EndGlobalSection
	GlobalSection(ProjectConfigurationPlatforms) = postSolution
		{4C8DF517-CD3A-4DC1-807C-F70CDFC6CC2D}.Debug|Any CPU.ActiveCfg = Debug|Any CPU
		{4C8DF517-CD3A-4DC1-807C-F70CDFC6CC2D}.Debug|Any CPU.Build.0 = Debug|Any CPU
		{4C8DF517-CD3A-4DC1-807C-F70CDFC6CC2D}.Debug|x64.ActiveCfg = Debug|Any CPU
		{4C8DF517-CD3A-4DC1-807C-F70CDFC6CC2D}.Debug|x64.Build.0 = Debug|Any CPU
		{4C8DF517-CD3A-4DC1-807C-F70CDFC6CC2D}.Debug|x86.ActiveCfg = Debug|Any CPU
		{4C8DF517-CD3A-4DC1-807C-F70CDFC6CC2D}.Debug|x86.Build.0 = Debug|Any CPU
		{4C8DF517-CD3A-4DC1-807C-F70CDFC6CC2D}.Release|Any CPU.ActiveCfg = Release|Any CPU
		{4C8DF517-CD3A-4DC1-807C-F70CDFC6CC2D}.Release|Any CPU.Build.0 = Release|Any CPU
		{4C8DF517-CD3A-4DC1-807C-F70CDFC6CC2D}.Release|x64.ActiveCfg = Release|Any CPU
		{4C8DF517-CD3A-4DC1-807C-F70CDFC6CC2D}.Release|x64.Build.0 = Release|Any CPU
		{4C8DF517-CD3A-4DC1-807C-F70CDFC6CC2D}.Release|x86.ActiveCfg = Release|Any CPU
		{4C8DF517-CD3A-4DC1-807C-F70CDFC6CC2D}.Release|x86.Build.0 = Release|Any CPU
		{03A06F43-EED6-4650-9A3E-4354CD5DC63D}.Debug|Any CPU.ActiveCfg = Debug|Any CPU
		{03A06F43-EED6-4650-9A3E-4354CD5DC63D}.Debug|Any CPU.Build.0 = Debug|Any CPU
		{03A06F43-EED6-4650-9A3E-4354CD5DC63D}.Debug|x64.ActiveCfg = Debug|Any CPU
		{03A06F43-EED6-4650-9A3E-4354CD5DC63D}.Debug|x64.Build.0 = Debug|Any CPU
		{03A06F43-EED6-4650-9A3E-4354CD5DC63D}.Debug|x86.ActiveCfg = Debug|Any CPU
		{03A06F43-EED6-4650-9A3E-4354CD5DC63D}.Debug|x86.Build.0 = Debug|Any CPU
		{03A06F43-EED6-4650-9A3E-4354CD5DC63D}.Release|Any CPU.ActiveCfg = Release|Any CPU
		{03A06F43-EED6-4650-9A3E-4354CD5DC63D}.Release|Any CPU.Build.0 = Release|Any CPU
		{03A06F43-EED6-4650-9A3E-4354CD5DC63D}.Release|x64.ActiveCfg = Release|Any CPU
		{03A06F43-EED6-4650-9A3E-4354CD5DC63D}.Release|x64.Build.0 = Release|Any CPU
		{03A06F43-EED6-4650-9A3E-4354CD5DC63D}.Release|x86.ActiveCfg = Release|Any CPU
		{03A06F43-EED6-4650-9A3E-4354CD5DC63D}.Release|x86.Build.0 = Release|Any CPU
	EndGlobalSection
EndGlobal
